<Solution>
  <Folder Name="/1. Domain/">
    <Project Path="Entities/Entities.csproj" />
  </Folder>
  <Folder Name="/2. Application/">
    <Project Path="Services/Services.csproj" />
  </Folder>
  <Folder Name="/3. Infrastructure/">
    <Project Path="EFCore/EFCore.csproj" />
  </Folder>
  <Folder Name="/4. Presentation/">
    <Project Path="BarberApp/BarberApp.csproj" />
  </Folder>
</Solution>
